
Microsoft Visual Studio Solution File, Format Version 12.00
# Visual Studio 14
VisualStudioVersion = 14.0.24720.0
MinimumVisualStudioVersion = 10.0.40219.1
Project("{FAE04EC0-301F-11D3-BF4B-00C04F79EFBC}") = "PB.SpiralOfTest.Manager.Party", "PB.SpiralOfTest.Manager.Party\PB.SpiralOfTest.Manager.Party.csproj", "{E781C786-AB4E-447E-9AC0-0E6AC30604BD}"
EndProject
Project("{FAE04EC0-301F-11D3-BF4B-00C04F79EFBC}") = "PB.SpiralOfTest.Engine.EmailSender", "PB.SpiralOfTest.Engine.Guest\PB.SpiralOfTest.Engine.EmailSender.csproj", "{C831BEAB-FDD6-43A7-B0EC-77EA3D0E8451}"
EndProject
Project("{FAE04EC0-301F-11D3-BF4B-00C04F79EFBC}") = "PB.SpiralOfTest.Access.Guest", "PB.SpiralOfTest.DataAccess.Guest\PB.SpiralOfTest.Access.Guest.csproj", "{3FF00111-CCB9-489F-A1C8-1AC52E080C45}"
EndProject
Project("{FAE04EC0-301F-11D3-BF4B-00C04F79EFBC}") = "PB.SpiralOfTest.Access.EmailTemplate", "PB.SpiralOfTest.DataAccess.EmailTemplate\PB.SpiralOfTest.Access.EmailTemplate.csproj", "{9F527EE4-1790-4F62-AEE7-4113383B6701}"
EndProject
Project("{FAE04EC0-301F-11D3-BF4B-00C04F79EFBC}") = "PB.SpiralOfTest.Infrastructure.Service", "PB.SpiralOfTest.Infrastructure.ServiceBase\PB.SpiralOfTest.Infrastructure.Service.csproj", "{4F819C2B-1847-411B-9CA5-BE57829DB7AD}"
EndProject
Project("{FAE04EC0-301F-11D3-BF4B-00C04F79EFBC}") = "PB.SpiralOfTest.Common", "PB.SpiralOfTest.Common\PB.SpiralOfTest.Common.csproj", "{E2E2A00E-233F-4CB2-9B5C-48F8FDB5D324}"
EndProject
Project("{FAE04EC0-301F-11D3-BF4B-00C04F79EFBC}") = "PB.SpiralOfTest.Test", "PB.SpiralOfTest.Test.IoC\PB.SpiralOfTest.Test.csproj", "{A2908050-878E-4163-A109-7A226303D4BE}"
EndProject
Project("{FAE04EC0-301F-11D3-BF4B-00C04F79EFBC}") = "PB.SpiralOfTest.Access.EmailProvider", "PB.SpiralOfTest.DataAccess.EmailSender\PB.SpiralOfTest.Access.EmailProvider.csproj", "{1064F1C7-4CE6-4DC9-B846-BD699071AE17}"
EndProject
Project("{FAE04EC0-301F-11D3-BF4B-00C04F79EFBC}") = "PB.SpiralOfTest.Proxy.Party", "PB.SpiralOfTest.Proxy.Party\PB.SpiralOfTest.Proxy.Party.csproj", "{EC24C8F3-A681-4E8F-962F-138945A78395}"
EndProject
Project("{FAE04EC0-301F-11D3-BF4B-00C04F79EFBC}") = "PB.SpiralOfTest.Infrastructure.Proxy", "PB.SpiralOfTest.Infrastructure.Proxy\PB.SpiralOfTest.Infrastructure.Proxy.csproj", "{36C1E69B-1466-4DAF-B9D0-04D3F0A7B8F5}"
EndProject
Project("{2150E333-8FDC-42A3-9474-1A3956D46DE8}") = "Access", "Access", "{9C208DF2-AF0E-4675-B1E4-3CB503018EDF}"
EndProject
Project("{2150E333-8FDC-42A3-9474-1A3956D46DE8}") = "Engine", "Engine", "{EBD25475-6741-4F7D-A598-463AEC942810}"
EndProject
Project("{2150E333-8FDC-42A3-9474-1A3956D46DE8}") = "Infrastructure", "Infrastructure", "{EE33D795-3794-4411-BE56-EF5A61728A75}"
EndProject
Project("{2150E333-8FDC-42A3-9474-1A3956D46DE8}") = "Manager", "Manager", "{06C5F5AF-EA7E-4A0C-AE3B-880515547C6E}"
EndProject
Project("{2150E333-8FDC-42A3-9474-1A3956D46DE8}") = "Proxy", "Proxy", "{6F4B4BB6-55AB-42F0-84D2-EF6A5ECC4206}"
EndProject
Project("{2150E333-8FDC-42A3-9474-1A3956D46DE8}") = "Test", "Test", "{8C4FBCAD-CADF-4D79-AA77-20323D547C57}"
EndProject
Project("{2150E333-8FDC-42A3-9474-1A3956D46DE8}") = "Contract", "Contract", "{CD5705E4-81A4-4939-9236-9971634C72EC}"
EndProject
Project("{2150E333-8FDC-42A3-9474-1A3956D46DE8}") = "Host", "Host", "{473E3133-6DE1-488D-97D7-6199CA6572F5}"
EndProject
Project("{FAE04EC0-301F-11D3-BF4B-00C04F79EFBC}") = "PB.SpiralOfTest.Host.Console", "PB.SpiralOfTest.Host.Console\PB.SpiralOfTest.Host.Console.csproj", "{07318DC6-E620-4D9D-97ED-BD2787C5EFC1}"
EndProject
Project("{FAE04EC0-301F-11D3-BF4B-00C04F79EFBC}") = "PB.SpiralOfTest.Contract.Party", "PB.SpiralOfTest.Contract.Party\PB.SpiralOfTest.Contract.Party.csproj", "{52639C58-003B-41D0-9C43-9A801F8D4E83}"
EndProject
Project("{FAE04EC0-301F-11D3-BF4B-00C04F79EFBC}") = "PB.SpiralOfTest.Test.Client", "PB.SpiralOfTest.Test.Client\PB.SpiralOfTest.Test.Client.csproj", "{FD866DC5-C50B-438C-B34E-57A96C496F0E}"
EndProject
Project("{2150E333-8FDC-42A3-9474-1A3956D46DE8}") = "ServiceModelEx", "ServiceModelEx", "{ED62AC4C-A331-4F13-9C0B-E54F63791534}"
EndProject
Project("{FAE04EC0-301F-11D3-BF4B-00C04F79EFBC}") = "ServiceModelEx", "..\ServiceModelEx\ServiceModelEx\ServiceModelEx.csproj", "{0858C710-AF53-4049-B98E-CFE3638D1228}"
EndProject
Project("{FAE04EC0-301F-11D3-BF4B-00C04F79EFBC}") = "PB.SpiralOfTest.Infrastructure.Host", "PB.SpiralOfTest.Infrastructure.Host\PB.SpiralOfTest.Infrastructure.Host.csproj", "{792E57D5-D022-4226-A83B-B8A48870243F}"
EndProject
Global
	GlobalSection(SolutionConfigurationPlatforms) = preSolution
		Debug|Any CPU = Debug|Any CPU
		Debug|x86 = Debug|x86
		Design|Any CPU = Design|Any CPU
		Design|x86 = Design|x86
		Release|Any CPU = Release|Any CPU
		Release|x86 = Release|x86
	EndGlobalSection
	GlobalSection(ProjectConfigurationPlatforms) = postSolution
		{E781C786-AB4E-447E-9AC0-0E6AC30604BD}.Debug|Any CPU.ActiveCfg = Debug|Any CPU
		{E781C786-AB4E-447E-9AC0-0E6AC30604BD}.Debug|Any CPU.Build.0 = Debug|Any CPU
		{E781C786-AB4E-447E-9AC0-0E6AC30604BD}.Debug|x86.ActiveCfg = Debug|Any CPU
		{E781C786-AB4E-447E-9AC0-0E6AC30604BD}.Debug|x86.Build.0 = Debug|Any CPU
		{E781C786-AB4E-447E-9AC0-0E6AC30604BD}.Design|Any CPU.ActiveCfg = Debug|Any CPU
		{E781C786-AB4E-447E-9AC0-0E6AC30604BD}.Design|Any CPU.Build.0 = Debug|Any CPU
		{E781C786-AB4E-447E-9AC0-0E6AC30604BD}.Design|x86.ActiveCfg = Debug|Any CPU
		{E781C786-AB4E-447E-9AC0-0E6AC30604BD}.Design|x86.Build.0 = Debug|Any CPU
		{E781C786-AB4E-447E-9AC0-0E6AC30604BD}.Release|Any CPU.ActiveCfg = Release|Any CPU
		{E781C786-AB4E-447E-9AC0-0E6AC30604BD}.Release|Any CPU.Build.0 = Release|Any CPU
		{E781C786-AB4E-447E-9AC0-0E6AC30604BD}.Release|x86.ActiveCfg = Release|Any CPU
		{E781C786-AB4E-447E-9AC0-0E6AC30604BD}.Release|x86.Build.0 = Release|Any CPU
		{C831BEAB-FDD6-43A7-B0EC-77EA3D0E8451}.Debug|Any CPU.ActiveCfg = Debug|Any CPU
		{C831BEAB-FDD6-43A7-B0EC-77EA3D0E8451}.Debug|Any CPU.Build.0 = Debug|Any CPU
		{C831BEAB-FDD6-43A7-B0EC-77EA3D0E8451}.Debug|x86.ActiveCfg = Debug|Any CPU
		{C831BEAB-FDD6-43A7-B0EC-77EA3D0E8451}.Debug|x86.Build.0 = Debug|Any CPU
		{C831BEAB-FDD6-43A7-B0EC-77EA3D0E8451}.Design|Any CPU.ActiveCfg = Debug|Any CPU
		{C831BEAB-FDD6-43A7-B0EC-77EA3D0E8451}.Design|Any CPU.Build.0 = Debug|Any CPU
		{C831BEAB-FDD6-43A7-B0EC-77EA3D0E8451}.Design|x86.ActiveCfg = Debug|Any CPU
		{C831BEAB-FDD6-43A7-B0EC-77EA3D0E8451}.Design|x86.Build.0 = Debug|Any CPU
		{C831BEAB-FDD6-43A7-B0EC-77EA3D0E8451}.Release|Any CPU.ActiveCfg = Release|Any CPU
		{C831BEAB-FDD6-43A7-B0EC-77EA3D0E8451}.Release|Any CPU.Build.0 = Release|Any CPU
		{C831BEAB-FDD6-43A7-B0EC-77EA3D0E8451}.Release|x86.ActiveCfg = Release|Any CPU
		{C831BEAB-FDD6-43A7-B0EC-77EA3D0E8451}.Release|x86.Build.0 = Release|Any CPU
		{3FF00111-CCB9-489F-A1C8-1AC52E080C45}.Debug|Any CPU.ActiveCfg = Debug|Any CPU
		{3FF00111-CCB9-489F-A1C8-1AC52E080C45}.Debug|Any CPU.Build.0 = Debug|Any CPU
		{3FF00111-CCB9-489F-A1C8-1AC52E080C45}.Debug|x86.ActiveCfg = Debug|Any CPU
		{3FF00111-CCB9-489F-A1C8-1AC52E080C45}.Debug|x86.Build.0 = Debug|Any CPU
		{3FF00111-CCB9-489F-A1C8-1AC52E080C45}.Design|Any CPU.ActiveCfg = Debug|Any CPU
		{3FF00111-CCB9-489F-A1C8-1AC52E080C45}.Design|Any CPU.Build.0 = Debug|Any CPU
		{3FF00111-CCB9-489F-A1C8-1AC52E080C45}.Design|x86.ActiveCfg = Debug|Any CPU
		{3FF00111-CCB9-489F-A1C8-1AC52E080C45}.Design|x86.Build.0 = Debug|Any CPU
		{3FF00111-CCB9-489F-A1C8-1AC52E080C45}.Release|Any CPU.ActiveCfg = Release|Any CPU
		{3FF00111-CCB9-489F-A1C8-1AC52E080C45}.Release|Any CPU.Build.0 = Release|Any CPU
		{3FF00111-CCB9-489F-A1C8-1AC52E080C45}.Release|x86.ActiveCfg = Release|Any CPU
		{3FF00111-CCB9-489F-A1C8-1AC52E080C45}.Release|x86.Build.0 = Release|Any CPU
		{9F527EE4-1790-4F62-AEE7-4113383B6701}.Debug|Any CPU.ActiveCfg = Debug|Any CPU
		{9F527EE4-1790-4F62-AEE7-4113383B6701}.Debug|Any CPU.Build.0 = Debug|Any CPU
		{9F527EE4-1790-4F62-AEE7-4113383B6701}.Debug|x86.ActiveCfg = Debug|Any CPU
		{9F527EE4-1790-4F62-AEE7-4113383B6701}.Debug|x86.Build.0 = Debug|Any CPU
		{9F527EE4-1790-4F62-AEE7-4113383B6701}.Design|Any CPU.ActiveCfg = Debug|Any CPU
		{9F527EE4-1790-4F62-AEE7-4113383B6701}.Design|Any CPU.Build.0 = Debug|Any CPU
		{9F527EE4-1790-4F62-AEE7-4113383B6701}.Design|x86.ActiveCfg = Debug|Any CPU
		{9F527EE4-1790-4F62-AEE7-4113383B6701}.Design|x86.Build.0 = Debug|Any CPU
		{9F527EE4-1790-4F62-AEE7-4113383B6701}.Release|Any CPU.ActiveCfg = Release|Any CPU
		{9F527EE4-1790-4F62-AEE7-4113383B6701}.Release|Any CPU.Build.0 = Release|Any CPU
		{9F527EE4-1790-4F62-AEE7-4113383B6701}.Release|x86.ActiveCfg = Release|Any CPU
		{9F527EE4-1790-4F62-AEE7-4113383B6701}.Release|x86.Build.0 = Release|Any CPU
		{4F819C2B-1847-411B-9CA5-BE57829DB7AD}.Debug|Any CPU.ActiveCfg = Debug|Any CPU
		{4F819C2B-1847-411B-9CA5-BE57829DB7AD}.Debug|Any CPU.Build.0 = Debug|Any CPU
		{4F819C2B-1847-411B-9CA5-BE57829DB7AD}.Debug|x86.ActiveCfg = Debug|Any CPU
		{4F819C2B-1847-411B-9CA5-BE57829DB7AD}.Debug|x86.Build.0 = Debug|Any CPU
		{4F819C2B-1847-411B-9CA5-BE57829DB7AD}.Design|Any CPU.ActiveCfg = Debug|Any CPU
		{4F819C2B-1847-411B-9CA5-BE57829DB7AD}.Design|Any CPU.Build.0 = Debug|Any CPU
		{4F819C2B-1847-411B-9CA5-BE57829DB7AD}.Design|x86.ActiveCfg = Debug|Any CPU
		{4F819C2B-1847-411B-9CA5-BE57829DB7AD}.Design|x86.Build.0 = Debug|Any CPU
		{4F819C2B-1847-411B-9CA5-BE57829DB7AD}.Release|Any CPU.ActiveCfg = Release|Any CPU
		{4F819C2B-1847-411B-9CA5-BE57829DB7AD}.Release|Any CPU.Build.0 = Release|Any CPU
		{4F819C2B-1847-411B-9CA5-BE57829DB7AD}.Release|x86.ActiveCfg = Release|Any CPU
		{4F819C2B-1847-411B-9CA5-BE57829DB7AD}.Release|x86.Build.0 = Release|Any CPU
		{E2E2A00E-233F-4CB2-9B5C-48F8FDB5D324}.Debug|Any CPU.ActiveCfg = Debug|Any CPU
		{E2E2A00E-233F-4CB2-9B5C-48F8FDB5D324}.Debug|Any CPU.Build.0 = Debug|Any CPU
		{E2E2A00E-233F-4CB2-9B5C-48F8FDB5D324}.Debug|x86.ActiveCfg = Debug|Any CPU
		{E2E2A00E-233F-4CB2-9B5C-48F8FDB5D324}.Debug|x86.Build.0 = Debug|Any CPU
		{E2E2A00E-233F-4CB2-9B5C-48F8FDB5D324}.Design|Any CPU.ActiveCfg = Debug|Any CPU
		{E2E2A00E-233F-4CB2-9B5C-48F8FDB5D324}.Design|Any CPU.Build.0 = Debug|Any CPU
		{E2E2A00E-233F-4CB2-9B5C-48F8FDB5D324}.Design|x86.ActiveCfg = Debug|Any CPU
		{E2E2A00E-233F-4CB2-9B5C-48F8FDB5D324}.Design|x86.Build.0 = Debug|Any CPU
		{E2E2A00E-233F-4CB2-9B5C-48F8FDB5D324}.Release|Any CPU.ActiveCfg = Release|Any CPU
		{E2E2A00E-233F-4CB2-9B5C-48F8FDB5D324}.Release|Any CPU.Build.0 = Release|Any CPU
		{E2E2A00E-233F-4CB2-9B5C-48F8FDB5D324}.Release|x86.ActiveCfg = Release|Any CPU
		{E2E2A00E-233F-4CB2-9B5C-48F8FDB5D324}.Release|x86.Build.0 = Release|Any CPU
		{A2908050-878E-4163-A109-7A226303D4BE}.Debug|Any CPU.ActiveCfg = Debug|Any CPU
		{A2908050-878E-4163-A109-7A226303D4BE}.Debug|Any CPU.Build.0 = Debug|Any CPU
		{A2908050-878E-4163-A109-7A226303D4BE}.Debug|x86.ActiveCfg = Debug|Any CPU
		{A2908050-878E-4163-A109-7A226303D4BE}.Debug|x86.Build.0 = Debug|Any CPU
		{A2908050-878E-4163-A109-7A226303D4BE}.Design|Any CPU.ActiveCfg = Debug|Any CPU
		{A2908050-878E-4163-A109-7A226303D4BE}.Design|Any CPU.Build.0 = Debug|Any CPU
		{A2908050-878E-4163-A109-7A226303D4BE}.Design|x86.ActiveCfg = Debug|Any CPU
		{A2908050-878E-4163-A109-7A226303D4BE}.Design|x86.Build.0 = Debug|Any CPU
		{A2908050-878E-4163-A109-7A226303D4BE}.Release|Any CPU.ActiveCfg = Release|Any CPU
		{A2908050-878E-4163-A109-7A226303D4BE}.Release|Any CPU.Build.0 = Release|Any CPU
		{A2908050-878E-4163-A109-7A226303D4BE}.Release|x86.ActiveCfg = Release|Any CPU
		{A2908050-878E-4163-A109-7A226303D4BE}.Release|x86.Build.0 = Release|Any CPU
		{1064F1C7-4CE6-4DC9-B846-BD699071AE17}.Debug|Any CPU.ActiveCfg = Debug|Any CPU
		{1064F1C7-4CE6-4DC9-B846-BD699071AE17}.Debug|Any CPU.Build.0 = Debug|Any CPU
		{1064F1C7-4CE6-4DC9-B846-BD699071AE17}.Debug|x86.ActiveCfg = Debug|Any CPU
		{1064F1C7-4CE6-4DC9-B846-BD699071AE17}.Debug|x86.Build.0 = Debug|Any CPU
		{1064F1C7-4CE6-4DC9-B846-BD699071AE17}.Design|Any CPU.ActiveCfg = Debug|Any CPU
		{1064F1C7-4CE6-4DC9-B846-BD699071AE17}.Design|Any CPU.Build.0 = Debug|Any CPU
		{1064F1C7-4CE6-4DC9-B846-BD699071AE17}.Design|x86.ActiveCfg = Debug|Any CPU
		{1064F1C7-4CE6-4DC9-B846-BD699071AE17}.Design|x86.Build.0 = Debug|Any CPU
		{1064F1C7-4CE6-4DC9-B846-BD699071AE17}.Release|Any CPU.ActiveCfg = Release|Any CPU
		{1064F1C7-4CE6-4DC9-B846-BD699071AE17}.Release|Any CPU.Build.0 = Release|Any CPU
		{1064F1C7-4CE6-4DC9-B846-BD699071AE17}.Release|x86.ActiveCfg = Release|Any CPU
		{1064F1C7-4CE6-4DC9-B846-BD699071AE17}.Release|x86.Build.0 = Release|Any CPU
		{EC24C8F3-A681-4E8F-962F-138945A78395}.Debug|Any CPU.ActiveCfg = Debug|Any CPU
		{EC24C8F3-A681-4E8F-962F-138945A78395}.Debug|Any CPU.Build.0 = Debug|Any CPU
		{EC24C8F3-A681-4E8F-962F-138945A78395}.Debug|x86.ActiveCfg = Debug|Any CPU
		{EC24C8F3-A681-4E8F-962F-138945A78395}.Debug|x86.Build.0 = Debug|Any CPU
		{EC24C8F3-A681-4E8F-962F-138945A78395}.Design|Any CPU.ActiveCfg = Debug|Any CPU
		{EC24C8F3-A681-4E8F-962F-138945A78395}.Design|Any CPU.Build.0 = Debug|Any CPU
		{EC24C8F3-A681-4E8F-962F-138945A78395}.Design|x86.ActiveCfg = Debug|Any CPU
		{EC24C8F3-A681-4E8F-962F-138945A78395}.Design|x86.Build.0 = Debug|Any CPU
		{EC24C8F3-A681-4E8F-962F-138945A78395}.Release|Any CPU.ActiveCfg = Release|Any CPU
		{EC24C8F3-A681-4E8F-962F-138945A78395}.Release|Any CPU.Build.0 = Release|Any CPU
		{EC24C8F3-A681-4E8F-962F-138945A78395}.Release|x86.ActiveCfg = Release|Any CPU
		{EC24C8F3-A681-4E8F-962F-138945A78395}.Release|x86.Build.0 = Release|Any CPU
		{36C1E69B-1466-4DAF-B9D0-04D3F0A7B8F5}.Debug|Any CPU.ActiveCfg = Debug|Any CPU
		{36C1E69B-1466-4DAF-B9D0-04D3F0A7B8F5}.Debug|Any CPU.Build.0 = Debug|Any CPU
		{36C1E69B-1466-4DAF-B9D0-04D3F0A7B8F5}.Debug|x86.ActiveCfg = Debug|Any CPU
		{36C1E69B-1466-4DAF-B9D0-04D3F0A7B8F5}.Debug|x86.Build.0 = Debug|Any CPU
		{36C1E69B-1466-4DAF-B9D0-04D3F0A7B8F5}.Design|Any CPU.ActiveCfg = Debug|Any CPU
		{36C1E69B-1466-4DAF-B9D0-04D3F0A7B8F5}.Design|Any CPU.Build.0 = Debug|Any CPU
		{36C1E69B-1466-4DAF-B9D0-04D3F0A7B8F5}.Design|x86.ActiveCfg = Debug|Any CPU
		{36C1E69B-1466-4DAF-B9D0-04D3F0A7B8F5}.Design|x86.Build.0 = Debug|Any CPU
		{36C1E69B-1466-4DAF-B9D0-04D3F0A7B8F5}.Release|Any CPU.ActiveCfg = Release|Any CPU
		{36C1E69B-1466-4DAF-B9D0-04D3F0A7B8F5}.Release|Any CPU.Build.0 = Release|Any CPU
		{36C1E69B-1466-4DAF-B9D0-04D3F0A7B8F5}.Release|x86.ActiveCfg = Release|Any CPU
		{36C1E69B-1466-4DAF-B9D0-04D3F0A7B8F5}.Release|x86.Build.0 = Release|Any CPU
		{07318DC6-E620-4D9D-97ED-BD2787C5EFC1}.Debug|Any CPU.ActiveCfg = Debug|Any CPU
		{07318DC6-E620-4D9D-97ED-BD2787C5EFC1}.Debug|Any CPU.Build.0 = Debug|Any CPU
		{07318DC6-E620-4D9D-97ED-BD2787C5EFC1}.Debug|x86.ActiveCfg = Debug|Any CPU
		{07318DC6-E620-4D9D-97ED-BD2787C5EFC1}.Debug|x86.Build.0 = Debug|Any CPU
		{07318DC6-E620-4D9D-97ED-BD2787C5EFC1}.Design|Any CPU.ActiveCfg = Debug|Any CPU
		{07318DC6-E620-4D9D-97ED-BD2787C5EFC1}.Design|Any CPU.Build.0 = Debug|Any CPU
		{07318DC6-E620-4D9D-97ED-BD2787C5EFC1}.Design|x86.ActiveCfg = Debug|Any CPU
		{07318DC6-E620-4D9D-97ED-BD2787C5EFC1}.Design|x86.Build.0 = Debug|Any CPU
		{07318DC6-E620-4D9D-97ED-BD2787C5EFC1}.Release|Any CPU.ActiveCfg = Release|Any CPU
		{07318DC6-E620-4D9D-97ED-BD2787C5EFC1}.Release|Any CPU.Build.0 = Release|Any CPU
		{07318DC6-E620-4D9D-97ED-BD2787C5EFC1}.Release|x86.ActiveCfg = Release|Any CPU
		{07318DC6-E620-4D9D-97ED-BD2787C5EFC1}.Release|x86.Build.0 = Release|Any CPU
		{52639C58-003B-41D0-9C43-9A801F8D4E83}.Debug|Any CPU.ActiveCfg = Debug|Any CPU
		{52639C58-003B-41D0-9C43-9A801F8D4E83}.Debug|Any CPU.Build.0 = Debug|Any CPU
		{52639C58-003B-41D0-9C43-9A801F8D4E83}.Debug|x86.ActiveCfg = Debug|Any CPU
		{52639C58-003B-41D0-9C43-9A801F8D4E83}.Debug|x86.Build.0 = Debug|Any CPU
		{52639C58-003B-41D0-9C43-9A801F8D4E83}.Design|Any CPU.ActiveCfg = Debug|Any CPU
		{52639C58-003B-41D0-9C43-9A801F8D4E83}.Design|Any CPU.Build.0 = Debug|Any CPU
		{52639C58-003B-41D0-9C43-9A801F8D4E83}.Design|x86.ActiveCfg = Debug|Any CPU
		{52639C58-003B-41D0-9C43-9A801F8D4E83}.Design|x86.Build.0 = Debug|Any CPU
		{52639C58-003B-41D0-9C43-9A801F8D4E83}.Release|Any CPU.ActiveCfg = Release|Any CPU
		{52639C58-003B-41D0-9C43-9A801F8D4E83}.Release|Any CPU.Build.0 = Release|Any CPU
		{52639C58-003B-41D0-9C43-9A801F8D4E83}.Release|x86.ActiveCfg = Release|Any CPU
		{52639C58-003B-41D0-9C43-9A801F8D4E83}.Release|x86.Build.0 = Release|Any CPU
		{FD866DC5-C50B-438C-B34E-57A96C496F0E}.Debug|Any CPU.ActiveCfg = Debug|Any CPU
		{FD866DC5-C50B-438C-B34E-57A96C496F0E}.Debug|Any CPU.Build.0 = Debug|Any CPU
		{FD866DC5-C50B-438C-B34E-57A96C496F0E}.Debug|x86.ActiveCfg = Debug|Any CPU
		{FD866DC5-C50B-438C-B34E-57A96C496F0E}.Debug|x86.Build.0 = Debug|Any CPU
		{FD866DC5-C50B-438C-B34E-57A96C496F0E}.Design|Any CPU.ActiveCfg = Debug|Any CPU
		{FD866DC5-C50B-438C-B34E-57A96C496F0E}.Design|Any CPU.Build.0 = Debug|Any CPU
		{FD866DC5-C50B-438C-B34E-57A96C496F0E}.Design|x86.ActiveCfg = Debug|Any CPU
		{FD866DC5-C50B-438C-B34E-57A96C496F0E}.Design|x86.Build.0 = Debug|Any CPU
		{FD866DC5-C50B-438C-B34E-57A96C496F0E}.Release|Any CPU.ActiveCfg = Release|Any CPU
		{FD866DC5-C50B-438C-B34E-57A96C496F0E}.Release|Any CPU.Build.0 = Release|Any CPU
		{FD866DC5-C50B-438C-B34E-57A96C496F0E}.Release|x86.ActiveCfg = Release|Any CPU
		{FD866DC5-C50B-438C-B34E-57A96C496F0E}.Release|x86.Build.0 = Release|Any CPU
		{0858C710-AF53-4049-B98E-CFE3638D1228}.Debug|Any CPU.ActiveCfg = Debug|Any CPU
		{0858C710-AF53-4049-B98E-CFE3638D1228}.Debug|Any CPU.Build.0 = Debug|Any CPU
		{0858C710-AF53-4049-B98E-CFE3638D1228}.Debug|x86.ActiveCfg = Debug|x86
		{0858C710-AF53-4049-B98E-CFE3638D1228}.Debug|x86.Build.0 = Debug|x86
		{0858C710-AF53-4049-B98E-CFE3638D1228}.Design|Any CPU.ActiveCfg = Design|Any CPU
		{0858C710-AF53-4049-B98E-CFE3638D1228}.Design|Any CPU.Build.0 = Design|Any CPU
		{0858C710-AF53-4049-B98E-CFE3638D1228}.Design|x86.ActiveCfg = Design|x86
		{0858C710-AF53-4049-B98E-CFE3638D1228}.Design|x86.Build.0 = Design|x86
		{0858C710-AF53-4049-B98E-CFE3638D1228}.Release|Any CPU.ActiveCfg = Release|Any CPU
		{0858C710-AF53-4049-B98E-CFE3638D1228}.Release|Any CPU.Build.0 = Release|Any CPU
		{0858C710-AF53-4049-B98E-CFE3638D1228}.Release|x86.ActiveCfg = Release|x86
		{0858C710-AF53-4049-B98E-CFE3638D1228}.Release|x86.Build.0 = Release|x86
		{792E57D5-D022-4226-A83B-B8A48870243F}.Debug|Any CPU.ActiveCfg = Debug|Any CPU
		{792E57D5-D022-4226-A83B-B8A48870243F}.Debug|Any CPU.Build.0 = Debug|Any CPU
		{792E57D5-D022-4226-A83B-B8A48870243F}.Debug|x86.ActiveCfg = Debug|Any CPU
		{792E57D5-D022-4226-A83B-B8A48870243F}.Debug|x86.Build.0 = Debug|Any CPU
		{792E57D5-D022-4226-A83B-B8A48870243F}.Design|Any CPU.ActiveCfg = Debug|Any CPU
		{792E57D5-D022-4226-A83B-B8A48870243F}.Design|Any CPU.Build.0 = Debug|Any CPU
		{792E57D5-D022-4226-A83B-B8A48870243F}.Design|x86.ActiveCfg = Debug|Any CPU
		{792E57D5-D022-4226-A83B-B8A48870243F}.Design|x86.Build.0 = Debug|Any CPU
		{792E57D5-D022-4226-A83B-B8A48870243F}.Release|Any CPU.ActiveCfg = Release|Any CPU
		{792E57D5-D022-4226-A83B-B8A48870243F}.Release|Any CPU.Build.0 = Release|Any CPU
		{792E57D5-D022-4226-A83B-B8A48870243F}.Release|x86.ActiveCfg = Release|Any CPU
		{792E57D5-D022-4226-A83B-B8A48870243F}.Release|x86.Build.0 = Release|Any CPU
	EndGlobalSection
	GlobalSection(SolutionProperties) = preSolution
		HideSolutionNode = FALSE
	EndGlobalSection
	GlobalSection(NestedProjects) = preSolution
		{E781C786-AB4E-447E-9AC0-0E6AC30604BD} = {06C5F5AF-EA7E-4A0C-AE3B-880515547C6E}
		{C831BEAB-FDD6-43A7-B0EC-77EA3D0E8451} = {EBD25475-6741-4F7D-A598-463AEC942810}
		{3FF00111-CCB9-489F-A1C8-1AC52E080C45} = {9C208DF2-AF0E-4675-B1E4-3CB503018EDF}
		{9F527EE4-1790-4F62-AEE7-4113383B6701} = {9C208DF2-AF0E-4675-B1E4-3CB503018EDF}
		{4F819C2B-1847-411B-9CA5-BE57829DB7AD} = {EE33D795-3794-4411-BE56-EF5A61728A75}
		{A2908050-878E-4163-A109-7A226303D4BE} = {8C4FBCAD-CADF-4D79-AA77-20323D547C57}
		{1064F1C7-4CE6-4DC9-B846-BD699071AE17} = {9C208DF2-AF0E-4675-B1E4-3CB503018EDF}
		{EC24C8F3-A681-4E8F-962F-138945A78395} = {6F4B4BB6-55AB-42F0-84D2-EF6A5ECC4206}
		{36C1E69B-1466-4DAF-B9D0-04D3F0A7B8F5} = {EE33D795-3794-4411-BE56-EF5A61728A75}
		{07318DC6-E620-4D9D-97ED-BD2787C5EFC1} = {473E3133-6DE1-488D-97D7-6199CA6572F5}
		{52639C58-003B-41D0-9C43-9A801F8D4E83} = {CD5705E4-81A4-4939-9236-9971634C72EC}
		{FD866DC5-C50B-438C-B34E-57A96C496F0E} = {8C4FBCAD-CADF-4D79-AA77-20323D547C57}
		{0858C710-AF53-4049-B98E-CFE3638D1228} = {ED62AC4C-A331-4F13-9C0B-E54F63791534}
		{792E57D5-D022-4226-A83B-B8A48870243F} = {EE33D795-3794-4411-BE56-EF5A61728A75}
	EndGlobalSection
EndGlobal
